{
  "nodes": {
    "ghc-debug": {
      "flake": false,
      "locked": {
        "lastModified": 1747908660,
        "narHash": "sha256-w1/ArfBNlTvTM5auKM86z3Y76hw0UUlpXJGQvpWzjCo=",
        "owner": "tek",
        "repo": "ghc-debug",
        "rev": "59198910da4573612bf5c6f9969c64fa620db396",
        "type": "github"
      },
      "original": {
        "owner": "tek",
        "repo": "ghc-debug",
        "rev": "59198910da4573612bf5c6f9969c64fa620db396",
        "type": "github"
      }
    },
    "hix": {
      "inputs": {
        "nixpkgs": "nixpkgs"
      },
      "locked": {
        "lastModified": 1748343332,
        "narHash": "sha256-uGF7uBfhYNF83I0wvxSd7lt7SS357UPv0SVa8RMNOoM=",
        "owner": "tek",
        "repo": "hix",
        "rev": "c83dcaa909f4d547c44958a6edd0b6185b6ace7f",
        "type": "github"
      },
      "original": {
        "owner": "tek",
        "repo": "hix",
        "type": "github"
      }
    },
    "nixpkgs": {
      "locked": {
        "lastModified": 1739138025,
        "narHash": "sha256-M4ilIfGxzbBZuURokv24aqJTbdjPA9K+DtKUzrJaES4=",
        "owner": "nixos",
        "repo": "nixpkgs",
        "rev": "b2243f41e860ac85c0b446eadc6930359b294e79",
        "type": "github"
      },
      "original": {
        "owner": "nixos",
        "ref": "nixpkgs-unstable",
        "repo": "nixpkgs",
        "type": "github"
      }
    },
    "root": {
      "inputs": {
        "ghc-debug": "ghc-debug",
        "hix": "hix"
      }
    }
  },
  "root": "root",
  "version": 7
}
